
Microsoft Visual Studio Solution File, Format Version 12.00
# Visual Studio 2012
Project("{FAE04EC0-301F-11D3-BF4B-00C04F79EFBC}") = "IRCclient", "IRCclient\IRCclient.csproj", "{B24F786C-147E-4A47-84D4-F7AA1EECA32B}"
EndProject
Global
	GlobalSection(SolutionConfigurationPlatforms) = preSolution
		Debug|Any CPU = Debug|Any CPU
		Release|Any CPU = Release|Any CPU
	EndGlobalSection
	GlobalSection(ProjectConfigurationPlatforms) = postSolution
		{B24F786C-147E-4A47-84D4-F7AA1EECA32B}.Debug|Any CPU.ActiveCfg = Debug|Any CPU
		{B24F786C-147E-4A47-84D4-F7AA1EECA32B}.Debug|Any CPU.Build.0 = Debug|Any CPU
		{B24F786C-147E-4A47-84D4-F7AA1EECA32B}.Release|Any CPU.ActiveCfg = Release|Any CPU
		{B24F786C-147E-4A47-84D4-F7AA1EECA32B}.Release|Any CPU.Build.0 = Release|Any CPU
	EndGlobalSection
	GlobalSection(SolutionProperties) = preSolution
		HideSolutionNode = FALSE
	EndGlobalSection
EndGlobal
